
Microsoft Visual Studio Solution File, Format Version 12.00
# Visual Studio Version 16
VisualStudioVersion = 16.0.30907.101
MinimumVisualStudioVersion = 15.0.26124.0
Project("{FAE04EC0-301F-11D3-BF4B-00C04F79EFBC}") = "StringCalculatorKata", "StringCalculatorKata\StringCalculatorKata.csproj", "{FCE4217E-EDF0-4339-9049-58652B598528}"
EndProject
Global
	GlobalSection(SolutionConfigurationPlatforms) = preSolution
		Debug|Any CPU = Debug|Any CPU
		Release|Any CPU = Release|Any CPU
	EndGlobalSection
	GlobalSection(ProjectConfigurationPlatforms) = postSolution
		{FCE4217E-EDF0-4339-9049-58652B598528}.Debug|Any CPU.ActiveCfg = Debug|Any CPU
		{FCE4217E-EDF0-4339-9049-58652B598528}.Debug|Any CPU.Build.0 = Debug|Any CPU
		{FCE4217E-EDF0-4339-9049-58652B598528}.Release|Any CPU.ActiveCfg = Release|Any CPU
		{FCE4217E-EDF0-4339-9049-58652B598528}.Release|Any CPU.Build.0 = Release|Any CPU
	EndGlobalSection
	GlobalSection(SolutionProperties) = preSolution
		HideSolutionNode = FALSE
	EndGlobalSection
	GlobalSection(ExtensibilityGlobals) = postSolution
		SolutionGuid = {8C7785DF-5FAF-4A88-94FE-CE9482A576B8}
	EndGlobalSection
EndGlobal
